
Microsoft Visual Studio Solution File, Format Version 12.00
# Visual Studio Version 16
VisualStudioVersion = 16.0.31019.35
MinimumVisualStudioVersion = 10.0.40219.1
Project("{B1E792BE-AA5F-4E3C-8C82-674BF9C0715B}") = "StateStatition", "StateStatition.tsproj", "{BF20154F-7E3A-45EE-B364-9058177E437F}"
EndProject
Global
	GlobalSection(SolutionConfigurationPlatforms) = preSolution
		Debug|TwinCAT CE7 (ARMV7) = Debug|TwinCAT CE7 (ARMV7)
		Debug|TwinCAT OS (ARMT2) = Debug|TwinCAT OS (ARMT2)
		Debug|TwinCAT RT (x64) = Debug|TwinCAT RT (x64)
		Debug|TwinCAT RT (x86) = Debug|TwinCAT RT (x86)
		Release|TwinCAT CE7 (ARMV7) = Release|TwinCAT CE7 (ARMV7)
		Release|TwinCAT OS (ARMT2) = Release|TwinCAT OS (ARMT2)
		Release|TwinCAT RT (x64) = Release|TwinCAT RT (x64)
		Release|TwinCAT RT (x86) = Release|TwinCAT RT (x86)
	EndGlobalSection
	GlobalSection(ProjectConfigurationPlatforms) = postSolution
		{BF20154F-7E3A-45EE-B364-9058177E437F}.Debug|TwinCAT CE7 (ARMV7).ActiveCfg = Debug|TwinCAT CE7 (ARMV7)
		{BF20154F-7E3A-45EE-B364-9058177E437F}.Debug|TwinCAT CE7 (ARMV7).Build.0 = Debug|TwinCAT CE7 (ARMV7)
		{BF20154F-7E3A-45EE-B364-9058177E437F}.Debug|TwinCAT OS (ARMT2).ActiveCfg = Debug|TwinCAT OS (ARMT2)
		{BF20154F-7E3A-45EE-B364-9058177E437F}.Debug|TwinCAT OS (ARMT2).Build.0 = Debug|TwinCAT OS (ARMT2)
		{BF20154F-7E3A-45EE-B364-9058177E437F}.Debug|TwinCAT RT (x64).ActiveCfg = Debug|TwinCAT RT (x64)
		{BF20154F-7E3A-45EE-B364-9058177E437F}.Debug|TwinCAT RT (x64).Build.0 = Debug|TwinCAT RT (x64)
		{BF20154F-7E3A-45EE-B364-9058177E437F}.Debug|TwinCAT RT (x86).ActiveCfg = Debug|TwinCAT RT (x86)
		{BF20154F-7E3A-45EE-B364-9058177E437F}.Debug|TwinCAT RT (x86).Build.0 = Debug|TwinCAT RT (x86)
		{BF20154F-7E3A-45EE-B364-9058177E437F}.Release|TwinCAT CE7 (ARMV7).ActiveCfg = Release|TwinCAT CE7 (ARMV7)
		{BF20154F-7E3A-45EE-B364-9058177E437F}.Release|TwinCAT CE7 (ARMV7).Build.0 = Release|TwinCAT CE7 (ARMV7)
		{BF20154F-7E3A-45EE-B364-9058177E437F}.Release|TwinCAT OS (ARMT2).ActiveCfg = Release|TwinCAT OS (ARMT2)
		{BF20154F-7E3A-45EE-B364-9058177E437F}.Release|TwinCAT OS (ARMT2).Build.0 = Release|TwinCAT OS (ARMT2)
		{BF20154F-7E3A-45EE-B364-9058177E437F}.Release|TwinCAT RT (x64).ActiveCfg = Release|TwinCAT RT (x64)
		{BF20154F-7E3A-45EE-B364-9058177E437F}.Release|TwinCAT RT (x64).Build.0 = Release|TwinCAT RT (x64)
		{BF20154F-7E3A-45EE-B364-9058177E437F}.Release|TwinCAT RT (x86).ActiveCfg = Release|TwinCAT RT (x86)
		{BF20154F-7E3A-45EE-B364-9058177E437F}.Release|TwinCAT RT (x86).Build.0 = Release|TwinCAT RT (x86)
		{05AF6EAB-EE4E-45D1-A9A0-2B3B2843411B}.Debug|TwinCAT CE7 (ARMV7).ActiveCfg = Debug|TwinCAT CE7 (ARMV7)
		{05AF6EAB-EE4E-45D1-A9A0-2B3B2843411B}.Debug|TwinCAT CE7 (ARMV7).Build.0 = Debug|TwinCAT CE7 (ARMV7)
		{05AF6EAB-EE4E-45D1-A9A0-2B3B2843411B}.Debug|TwinCAT OS (ARMT2).ActiveCfg = Debug|TwinCAT OS (ARMT2)
		{05AF6EAB-EE4E-45D1-A9A0-2B3B2843411B}.Debug|TwinCAT OS (ARMT2).Build.0 = Debug|TwinCAT OS (ARMT2)
		{05AF6EAB-EE4E-45D1-A9A0-2B3B2843411B}.Debug|TwinCAT RT (x64).ActiveCfg = Debug|TwinCAT RT (x64)
		{05AF6EAB-EE4E-45D1-A9A0-2B3B2843411B}.Debug|TwinCAT RT (x64).Build.0 = Debug|TwinCAT RT (x64)
		{05AF6EAB-EE4E-45D1-A9A0-2B3B2843411B}.Debug|TwinCAT RT (x86).ActiveCfg = Debug|TwinCAT RT (x86)
		{05AF6EAB-EE4E-45D1-A9A0-2B3B2843411B}.Debug|TwinCAT RT (x86).Build.0 = Debug|TwinCAT RT (x86)
		{05AF6EAB-EE4E-45D1-A9A0-2B3B2843411B}.Release|TwinCAT CE7 (ARMV7).ActiveCfg = Release|TwinCAT CE7 (ARMV7)
		{05AF6EAB-EE4E-45D1-A9A0-2B3B2843411B}.Release|TwinCAT CE7 (ARMV7).Build.0 = Release|TwinCAT CE7 (ARMV7)
		{05AF6EAB-EE4E-45D1-A9A0-2B3B2843411B}.Release|TwinCAT OS (ARMT2).ActiveCfg = Release|TwinCAT OS (ARMT2)
		{05AF6EAB-EE4E-45D1-A9A0-2B3B2843411B}.Release|TwinCAT OS (ARMT2).Build.0 = Release|TwinCAT OS (ARMT2)
		{05AF6EAB-EE4E-45D1-A9A0-2B3B2843411B}.Release|TwinCAT RT (x64).ActiveCfg = Release|TwinCAT RT (x64)
		{05AF6EAB-EE4E-45D1-A9A0-2B3B2843411B}.Release|TwinCAT RT (x64).Build.0 = Release|TwinCAT RT (x64)
		{05AF6EAB-EE4E-45D1-A9A0-2B3B2843411B}.Release|TwinCAT RT (x86).ActiveCfg = Release|TwinCAT RT (x86)
		{05AF6EAB-EE4E-45D1-A9A0-2B3B2843411B}.Release|TwinCAT RT (x86).Build.0 = Release|TwinCAT RT (x86)
	EndGlobalSection
	GlobalSection(SolutionProperties) = preSolution
		HideSolutionNode = FALSE
	EndGlobalSection
	GlobalSection(ExtensibilityGlobals) = postSolution
		SolutionGuid = {2D3BD5EE-45A8-4D50-A7F5-D2775B05D42A}
	EndGlobalSection
EndGlobal
